{
    "version": 3,
    "terraform_version": "0.11.13",
    "serial": 2,
    "lineage": "4e5b5ddf-7479-4ab3-aa35-e8b0b5a33581",
    "modules": [
        {
            "path": [
                "root"
            ],
            "outputs": {
                "public_loadbalancer_ip_address_value": {
                    "sensitive": false,
                    "type": "string",
                    "value": "35.244.128.93"
                }
            },
            "resources": {},
            "depends_on": []
        },
        {
            "path": [
                "root",
                "cluster"
            ],
            "outputs": {},
            "resources": {},
            "depends_on": []
        },
        {
            "path": [
                "root",
                "network"
            ],
            "outputs": {
                "network_name": {
                    "sensitive": false,
                    "type": "string",
                    "value": "moja-box-net"
                },
                "public_ip_address": {
                    "sensitive": false,
                    "type": "string",
                    "value": "35.244.128.93"
                },
                "subnetwork_name": {
                    "sensitive": false,
                    "type": "string",
                    "value": "moja-box-asia-southeast1-subnet"
                }
            },
            "resources": {
                "google_compute_firewall.http": {
                    "type": "google_compute_firewall",
                    "depends_on": [
                        "google_compute_network.platform_name"
                    ],
                    "primary": {
                        "id": "moja-box-firewall-http",
                        "attributes": {
                            "allow.#": "2",
                            "allow.1250112605.ports.#": "2",
                            "allow.1250112605.ports.0": "80",
                            "allow.1250112605.ports.1": "443",
                            "allow.1250112605.protocol": "tcp",
                            "allow.1367131964.ports.#": "0",
                            "allow.1367131964.protocol": "icmp",
                            "creation_timestamp": "2019-05-05T21:45:51.963-07:00",
                            "deny.#": "0",
                            "description": "",
                            "destination_ranges.#": "0",
                            "direction": "INGRESS",
                            "disabled": "false",
                            "id": "moja-box-firewall-http",
                            "name": "moja-box-firewall-http",
                            "network": "https://www.googleapis.com/compute/v1/projects/moja-box/global/networks/moja-box-net",
                            "priority": "1000",
                            "project": "moja-box",
                            "self_link": "https://www.googleapis.com/compute/v1/projects/moja-box/global/firewalls/moja-box-firewall-http",
                            "source_ranges.#": "1",
                            "source_ranges.1080289494": "0.0.0.0/0",
                            "source_service_accounts.#": "0",
                            "source_tags.#": "0",
                            "target_service_accounts.#": "0",
                            "target_tags.#": "0"
                        },
                        "meta": {
                            "e2bfb730-ecaa-11e6-8f88-34363bc7c4c0": {
                                "create": 240000000000,
                                "delete": 240000000000,
                                "update": 240000000000
                            },
                            "schema_version": "1"
                        },
                        "tainted": false
                    },
                    "deposed": [],
                    "provider": "provider.google"
                },
                "google_compute_global_address.platform_name": {
                    "type": "google_compute_global_address",
                    "depends_on": [],
                    "primary": {
                        "id": "moja-box-address",
                        "attributes": {
                            "address": "35.244.128.93",
                            "address_type": "",
                            "creation_timestamp": "2019-05-05T21:45:03.646-07:00",
                            "description": "",
                            "id": "moja-box-address",
                            "ip_version": "",
                            "name": "moja-box-address",
                            "project": "moja-box",
                            "self_link": "https://www.googleapis.com/compute/v1/projects/moja-box/global/addresses/moja-box-address"
                        },
                        "meta": {
                            "e2bfb730-ecaa-11e6-8f88-34363bc7c4c0": {
                                "create": 240000000000,
                                "delete": 240000000000
                            }
                        },
                        "tainted": false
                    },
                    "deposed": [],
                    "provider": "provider.google"
                },
                "google_compute_network.platform_name": {
                    "type": "google_compute_network",
                    "depends_on": [],
                    "primary": {
                        "id": "moja-box-net",
                        "attributes": {
                            "auto_create_subnetworks": "true",
                            "delete_default_routes_on_create": "false",
                            "description": "",
                            "gateway_ipv4": "",
                            "id": "moja-box-net",
                            "ipv4_range": "",
                            "name": "moja-box-net",
                            "project": "moja-box",
                            "routing_mode": "REGIONAL",
                            "self_link": "https://www.googleapis.com/compute/v1/projects/moja-box/global/networks/moja-box-net"
                        },
                        "meta": {
                            "e2bfb730-ecaa-11e6-8f88-34363bc7c4c0": {
                                "create": 240000000000,
                                "delete": 240000000000,
                                "update": 240000000000
                            }
                        },
                        "tainted": false
                    },
                    "deposed": [],
                    "provider": "provider.google"
                },
                "google_compute_subnetwork.platform_name": {
                    "type": "google_compute_subnetwork",
                    "depends_on": [
                        "google_compute_network.platform_name"
                    ],
                    "primary": {
                        "id": "asia-southeast1/moja-box-asia-southeast1-subnet",
                        "attributes": {
                            "creation_timestamp": "2019-05-05T21:45:52.238-07:00",
                            "description": "",
                            "enable_flow_logs": "false",
                            "fingerprint": "bnFKUXIJ72c=",
                            "gateway_address": "10.1.2.1",
                            "id": "asia-southeast1/moja-box-asia-southeast1-subnet",
                            "ip_cidr_range": "10.1.2.0/24",
                            "name": "moja-box-asia-southeast1-subnet",
                            "network": "https://www.googleapis.com/compute/v1/projects/moja-box/global/networks/moja-box-net",
                            "private_ip_google_access": "false",
                            "project": "moja-box",
                            "region": "asia-southeast1",
                            "secondary_ip_range.#": "0",
                            "self_link": "https://www.googleapis.com/compute/v1/projects/moja-box/regions/asia-southeast1/subnetworks/moja-box-asia-southeast1-subnet"
                        },
                        "meta": {
                            "e2bfb730-ecaa-11e6-8f88-34363bc7c4c0": {
                                "create": 360000000000,
                                "delete": 360000000000,
                                "update": 360000000000
                            }
                        },
                        "tainted": false
                    },
                    "deposed": [],
                    "provider": "provider.google"
                }
            },
            "depends_on": []
        }
    ]
}
